// !$*UTF8*$!
{
	archiveVersion = 1;
	classes = {
	};
	objectVersion = 46;
	objects = {

/* Begin PBXBuildFile section */
		4F3E03F754AB775C39015F21 /* libPods-wwz_objc.a in Frameworks */ = {isa = PBXBuildFile; fileRef = E7BF20A46618AB6A331BC562 /* libPods-wwz_objc.a */; };
		B05FA2B91E6D510C00845D00 /* Main.storyboard in Resources */ = {isa = PBXBuildFile; fileRef = B05FA2B71E6D510C00845D00 /* Main.storyboard */; };
		B05FA2BB1E6D510C00845D00 /* Assets.xcassets in Resources */ = {isa = PBXBuildFile; fileRef = B05FA2BA1E6D510C00845D00 /* Assets.xcassets */; };
		B05FA2BE1E6D510C00845D00 /* LaunchScreen.storyboard in Resources */ = {isa = PBXBuildFile; fileRef = B05FA2BC1E6D510C00845D00 /* LaunchScreen.storyboard */; };
		B05FA2CB1E6D51CF00845D00 /* AppDelegate.m in Sources */ = {isa = PBXBuildFile; fileRef = B05FA2CA1E6D51CF00845D00 /* AppDelegate.m */; };
		B05FA2CE1E6D51E400845D00 /* ViewController.m in Sources */ = {isa = PBXBuildFile; fileRef = B05FA2CD1E6D51E400845D00 /* ViewController.m */; };
		B05FA2D01E6D51F800845D00 /* main.m in Sources */ = {isa = PBXBuildFile; fileRef = B05FA2CF1E6D51F800845D00 /* main.m */; };
		B05FA2F51E6D61E600845D00 /* WWZSocketRequest.m in Sources */ = {isa = PBXBuildFile; fileRef = B05FA2EE1E6D61E600845D00 /* WWZSocketRequest.m */; };
		B05FA2F61E6D61E600845D00 /* WWZTCPSocketClient.m in Sources */ = {isa = PBXBuildFile; fileRef = B05FA2F01E6D61E600845D00 /* WWZTCPSocketClient.m */; };
		B05FA2F71E6D61E600845D00 /* WWZTCPSocketServer.m in Sources */ = {isa = PBXBuildFile; fileRef = B05FA2F21E6D61E600845D00 /* WWZTCPSocketServer.m */; };
		B05FA2F81E6D61E600845D00 /* WWZUDPSocket.m in Sources */ = {isa = PBXBuildFile; fileRef = B05FA2F41E6D61E600845D00 /* WWZUDPSocket.m */; };
		B05FA31E1E6D66FA00845D00 /* NSString+WWZ.m in Sources */ = {isa = PBXBuildFile; fileRef = B05FA31D1E6D66FA00845D00 /* NSString+WWZ.m */; };
		B05FA3211E6D678700845D00 /* NSObject+WWZ.m in Sources */ = {isa = PBXBuildFile; fileRef = B05FA3201E6D678700845D00 /* NSObject+WWZ.m */; };
		B05FA3241E6D67C500845D00 /* NSTimer+WWZ.m in Sources */ = {isa = PBXBuildFile; fileRef = B05FA3231E6D67C500845D00 /* NSTimer+WWZ.m */; };
		B05FA3271E6D67EB00845D00 /* NSDate+WWZ.m in Sources */ = {isa = PBXBuildFile; fileRef = B05FA3261E6D67EB00845D00 /* NSDate+WWZ.m */; };
		B05FA32A1E6D682900845D00 /* NSData+WWZ.m in Sources */ = {isa = PBXBuildFile; fileRef = B05FA3291E6D682900845D00 /* NSData+WWZ.m */; };
		B05FA32D1E6D684700845D00 /* NSAttributedString+WWZ.m in Sources */ = {isa = PBXBuildFile; fileRef = B05FA32C1E6D684700845D00 /* NSAttributedString+WWZ.m */; };
		B05FA3301E6D692000845D00 /* WWZLanguageTool.m in Sources */ = {isa = PBXBuildFile; fileRef = B05FA32F1E6D692000845D00 /* WWZLanguageTool.m */; };
		B05FA3331E6D692A00845D00 /* WWZCaptureTool.m in Sources */ = {isa = PBXBuildFile; fileRef = B05FA3321E6D692A00845D00 /* WWZCaptureTool.m */; };
		B05FA33B1E6D6A8700845D00 /* WWZKeychain.m in Sources */ = {isa = PBXBuildFile; fileRef = B05FA3361E6D6A8700845D00 /* WWZKeychain.m */; };
		B05FA33C1E6D6A8700845D00 /* WWZKeychainQuery.m in Sources */ = {isa = PBXBuildFile; fileRef = B05FA3381E6D6A8700845D00 /* WWZKeychainQuery.m */; };
		B05FA33D1E6D6A8700845D00 /* WWZSystem.m in Sources */ = {isa = PBXBuildFile; fileRef = B05FA33A1E6D6A8700845D00 /* WWZSystem.m */; };
/* End PBXBuildFile section */

/* Begin PBXFileReference section */
		35670CD31B78E1531F944F55 /* Pods-wwz_objc.debug.xcconfig */ = {isa = PBXFileReference; includeInIndex = 1; lastKnownFileType = text.xcconfig; name = "Pods-wwz_objc.debug.xcconfig"; path = "Pods/Target Support Files/Pods-wwz_objc/Pods-wwz_objc.debug.xcconfig"; sourceTree = "<group>"; };
		B05FA2AB1E6D510C00845D00 /* wwz_objc.app */ = {isa = PBXFileReference; explicitFileType = wrapper.application; includeInIndex = 0; path = wwz_objc.app; sourceTree = BUILT_PRODUCTS_DIR; };
		B05FA2B81E6D510C00845D00 /* Base */ = {isa = PBXFileReference; lastKnownFileType = file.storyboard; name = Base; path = Base.lproj/Main.storyboard; sourceTree = "<group>"; };
		B05FA2BA1E6D510C00845D00 /* Assets.xcassets */ = {isa = PBXFileReference; lastKnownFileType = folder.assetcatalog; path = Assets.xcassets; sourceTree = "<group>"; };
		B05FA2BD1E6D510C00845D00 /* Base */ = {isa = PBXFileReference; lastKnownFileType = file.storyboard; name = Base; path = Base.lproj/LaunchScreen.storyboard; sourceTree = "<group>"; };
		B05FA2BF1E6D510C00845D00 /* Info.plist */ = {isa = PBXFileReference; lastKnownFileType = text.plist.xml; path = Info.plist; sourceTree = "<group>"; };
		B05FA2C91E6D51CF00845D00 /* AppDelegate.h */ = {isa = PBXFileReference; fileEncoding = 4; lastKnownFileType = sourcecode.c.h; path = AppDelegate.h; sourceTree = "<group>"; };
		B05FA2CA1E6D51CF00845D00 /* AppDelegate.m */ = {isa = PBXFileReference; fileEncoding = 4; lastKnownFileType = sourcecode.c.objc; path = AppDelegate.m; sourceTree = "<group>"; };
		B05FA2CC1E6D51E400845D00 /* ViewController.h */ = {isa = PBXFileReference; fileEncoding = 4; lastKnownFileType = sourcecode.c.h; path = ViewController.h; sourceTree = "<group>"; };
		B05FA2CD1E6D51E400845D00 /* ViewController.m */ = {isa = PBXFileReference; fileEncoding = 4; lastKnownFileType = sourcecode.c.objc; path = ViewController.m; sourceTree = "<group>"; };
		B05FA2CF1E6D51F800845D00 /* main.m */ = {isa = PBXFileReference; fileEncoding = 4; lastKnownFileType = sourcecode.c.objc; path = main.m; sourceTree = "<group>"; };
		B05FA2EC1E6D61E600845D00 /* WWZSocket.h */ = {isa = PBXFileReference; fileEncoding = 4; lastKnownFileType = sourcecode.c.h; path = WWZSocket.h; sourceTree = "<group>"; };
		B05FA2ED1E6D61E600845D00 /* WWZSocketRequest.h */ = {isa = PBXFileReference; fileEncoding = 4; lastKnownFileType = sourcecode.c.h; path = WWZSocketRequest.h; sourceTree = "<group>"; };
		B05FA2EE1E6D61E600845D00 /* WWZSocketRequest.m */ = {isa = PBXFileReference; fileEncoding = 4; lastKnownFileType = sourcecode.c.objc; path = WWZSocketRequest.m; sourceTree = "<group>"; };
		B05FA2EF1E6D61E600845D00 /* WWZTCPSocketClient.h */ = {isa = PBXFileReference; fileEncoding = 4; lastKnownFileType = sourcecode.c.h; path = WWZTCPSocketClient.h; sourceTree = "<group>"; };
		B05FA2F01E6D61E600845D00 /* WWZTCPSocketClient.m */ = {isa = PBXFileReference; fileEncoding = 4; lastKnownFileType = sourcecode.c.objc; path = WWZTCPSocketClient.m; sourceTree = "<group>"; };
		B05FA2F11E6D61E600845D00 /* WWZTCPSocketServer.h */ = {isa = PBXFileReference; fileEncoding = 4; lastKnownFileType = sourcecode.c.h; path = WWZTCPSocketServer.h; sourceTree = "<group>"; };
		B05FA2F21E6D61E600845D00 /* WWZTCPSocketServer.m */ = {isa = PBXFileReference; fileEncoding = 4; lastKnownFileType = sourcecode.c.objc; path = WWZTCPSocketServer.m; sourceTree = "<group>"; };
		B05FA2F31E6D61E600845D00 /* WWZUDPSocket.h */ = {isa = PBXFileReference; fileEncoding = 4; lastKnownFileType = sourcecode.c.h; path = WWZUDPSocket.h; sourceTree = "<group>"; };
		B05FA2F41E6D61E600845D00 /* WWZUDPSocket.m */ = {isa = PBXFileReference; fileEncoding = 4; lastKnownFileType = sourcecode.c.objc; path = WWZUDPSocket.m; sourceTree = "<group>"; };
		B05FA31C1E6D66FA00845D00 /* NSString+WWZ.h */ = {isa = PBXFileReference; fileEncoding = 4; lastKnownFileType = sourcecode.c.h; path = "NSString+WWZ.h"; sourceTree = "<group>"; };
		B05FA31D1E6D66FA00845D00 /* NSString+WWZ.m */ = {isa = PBXFileReference; fileEncoding = 4; lastKnownFileType = sourcecode.c.objc; path = "NSString+WWZ.m"; sourceTree = "<group>"; };
		B05FA31F1E6D678700845D00 /* NSObject+WWZ.h */ = {isa = PBXFileReference; fileEncoding = 4; lastKnownFileType = sourcecode.c.h; path = "NSObject+WWZ.h"; sourceTree = "<group>"; };
		B05FA3201E6D678700845D00 /* NSObject+WWZ.m */ = {isa = PBXFileReference; fileEncoding = 4; lastKnownFileType = sourcecode.c.objc; path = "NSObject+WWZ.m"; sourceTree = "<group>"; };
		B05FA3221E6D67C500845D00 /* NSTimer+WWZ.h */ = {isa = PBXFileReference; fileEncoding = 4; lastKnownFileType = sourcecode.c.h; path = "NSTimer+WWZ.h"; sourceTree = "<group>"; };
		B05FA3231E6D67C500845D00 /* NSTimer+WWZ.m */ = {isa = PBXFileReference; fileEncoding = 4; lastKnownFileType = sourcecode.c.objc; path = "NSTimer+WWZ.m"; sourceTree = "<group>"; };
		B05FA3251E6D67EB00845D00 /* NSDate+WWZ.h */ = {isa = PBXFileReference; fileEncoding = 4; lastKnownFileType = sourcecode.c.h; path = "NSDate+WWZ.h"; sourceTree = "<group>"; };
		B05FA3261E6D67EB00845D00 /* NSDate+WWZ.m */ = {isa = PBXFileReference; fileEncoding = 4; lastKnownFileType = sourcecode.c.objc; path = "NSDate+WWZ.m"; sourceTree = "<group>"; };
		B05FA3281E6D682900845D00 /* NSData+WWZ.h */ = {isa = PBXFileReference; fileEncoding = 4; lastKnownFileType = sourcecode.c.h; path = "NSData+WWZ.h"; sourceTree = "<group>"; };
		B05FA3291E6D682900845D00 /* NSData+WWZ.m */ = {isa = PBXFileReference; fileEncoding = 4; lastKnownFileType = sourcecode.c.objc; path = "NSData+WWZ.m"; sourceTree = "<group>"; };
		B05FA32B1E6D684700845D00 /* NSAttributedString+WWZ.h */ = {isa = PBXFileReference; fileEncoding = 4; lastKnownFileType = sourcecode.c.h; path = "NSAttributedString+WWZ.h"; sourceTree = "<group>"; };
		B05FA32C1E6D684700845D00 /* NSAttributedString+WWZ.m */ = {isa = PBXFileReference; fileEncoding = 4; lastKnownFileType = sourcecode.c.objc; path = "NSAttributedString+WWZ.m"; sourceTree = "<group>"; };
		B05FA32E1E6D692000845D00 /* WWZLanguageTool.h */ = {isa = PBXFileReference; fileEncoding = 4; lastKnownFileType = sourcecode.c.h; path = WWZLanguageTool.h; sourceTree = "<group>"; };
		B05FA32F1E6D692000845D00 /* WWZLanguageTool.m */ = {isa = PBXFileReference; fileEncoding = 4; lastKnownFileType = sourcecode.c.objc; path = WWZLanguageTool.m; sourceTree = "<group>"; };
		B05FA3311E6D692A00845D00 /* WWZCaptureTool.h */ = {isa = PBXFileReference; fileEncoding = 4; lastKnownFileType = sourcecode.c.h; path = WWZCaptureTool.h; sourceTree = "<group>"; };
		B05FA3321E6D692A00845D00 /* WWZCaptureTool.m */ = {isa = PBXFileReference; fileEncoding = 4; lastKnownFileType = sourcecode.c.objc; path = WWZCaptureTool.m; sourceTree = "<group>"; };
		B05FA3341E6D694F00845D00 /* WWZFoundation.h */ = {isa = PBXFileReference; lastKnownFileType = sourcecode.c.h; path = WWZFoundation.h; sourceTree = "<group>"; };
		B05FA3351E6D6A8700845D00 /* WWZKeychain.h */ = {isa = PBXFileReference; fileEncoding = 4; lastKnownFileType = sourcecode.c.h; path = WWZKeychain.h; sourceTree = "<group>"; };
		B05FA3361E6D6A8700845D00 /* WWZKeychain.m */ = {isa = PBXFileReference; fileEncoding = 4; lastKnownFileType = sourcecode.c.objc; path = WWZKeychain.m; sourceTree = "<group>"; };
		B05FA3371E6D6A8700845D00 /* WWZKeychainQuery.h */ = {isa = PBXFileReference; fileEncoding = 4; lastKnownFileType = sourcecode.c.h; path = WWZKeychainQuery.h; sourceTree = "<group>"; };
		B05FA3381E6D6A8700845D00 /* WWZKeychainQuery.m */ = {isa = PBXFileReference; fileEncoding = 4; lastKnownFileType = sourcecode.c.objc; path = WWZKeychainQuery.m; sourceTree = "<group>"; };
		B05FA3391E6D6A8700845D00 /* WWZSystem.h */ = {isa = PBXFileReference; fileEncoding = 4; lastKnownFileType = sourcecode.c.h; path = WWZSystem.h; sourceTree = "<group>"; };
		B05FA33A1E6D6A8700845D00 /* WWZSystem.m */ = {isa = PBXFileReference; fileEncoding = 4; lastKnownFileType = sourcecode.c.objc; path = WWZSystem.m; sourceTree = "<group>"; };
		D1AB28056D22ADC3300714B1 /* Pods-wwz_objc.release.xcconfig */ = {isa = PBXFileReference; includeInIndex = 1; lastKnownFileType = text.xcconfig; name = "Pods-wwz_objc.release.xcconfig"; path = "Pods/Target Support Files/Pods-wwz_objc/Pods-wwz_objc.release.xcconfig"; sourceTree = "<group>"; };
		E7BF20A46618AB6A331BC562 /* libPods-wwz_objc.a */ = {isa = PBXFileReference; explicitFileType = archive.ar; includeInIndex = 0; path = "libPods-wwz_objc.a"; sourceTree = BUILT_PRODUCTS_DIR; };
/* End PBXFileReference section */

/* Begin PBXFrameworksBuildPhase section */
		B05FA2A81E6D510C00845D00 /* Frameworks */ = {
			isa = PBXFrameworksBuildPhase;
			buildActionMask = 2147483647;
			files = (
				4F3E03F754AB775C39015F21 /* libPods-wwz_objc.a in Frameworks */,
			);
			runOnlyForDeploymentPostprocessing = 0;
		};
/* End PBXFrameworksBuildPhase section */

/* Begin PBXGroup section */
		22A8CC3C435522FED0F094B3 /* Frameworks */ = {
			isa = PBXGroup;
			children = (
				E7BF20A46618AB6A331BC562 /* libPods-wwz_objc.a */,
			);
			name = Frameworks;
			sourceTree = "<group>";
		};
		907C4FA7B5896D59D303F592 /* Pods */ = {
			isa = PBXGroup;
			children = (
				35670CD31B78E1531F944F55 /* Pods-wwz_objc.debug.xcconfig */,
				D1AB28056D22ADC3300714B1 /* Pods-wwz_objc.release.xcconfig */,
			);
			name = Pods;
			sourceTree = "<group>";
		};
		B05FA2A21E6D510C00845D00 = {
			isa = PBXGroup;
			children = (
				B05FA2AD1E6D510C00845D00 /* wwz_objc */,
				B05FA2AC1E6D510C00845D00 /* Products */,
				907C4FA7B5896D59D303F592 /* Pods */,
				22A8CC3C435522FED0F094B3 /* Frameworks */,
			);
			sourceTree = "<group>";
		};
		B05FA2AC1E6D510C00845D00 /* Products */ = {
			isa = PBXGroup;
			children = (
				B05FA2AB1E6D510C00845D00 /* wwz_objc.app */,
			);
			name = Products;
			sourceTree = "<group>";
		};
		B05FA2AD1E6D510C00845D00 /* wwz_objc */ = {
			isa = PBXGroup;
			children = (
				B05FA2C51E6D51A300845D00 /* Classes */,
				B05FA2AE1E6D510C00845D00 /* Supporting Files */,
			);
			path = wwz_objc;
			sourceTree = "<group>";
		};
		B05FA2AE1E6D510C00845D00 /* Supporting Files */ = {
			isa = PBXGroup;
			children = (
				B05FA2BA1E6D510C00845D00 /* Assets.xcassets */,
				B05FA2BF1E6D510C00845D00 /* Info.plist */,
				B05FA2BC1E6D510C00845D00 /* LaunchScreen.storyboard */,
				B05FA2B71E6D510C00845D00 /* Main.storyboard */,
			);
			name = "Supporting Files";
			sourceTree = "<group>";
		};
		B05FA2C51E6D51A300845D00 /* Classes */ = {
			isa = PBXGroup;
			children = (
				B05FA2E81E6D61E600845D00 /* Source */,
				B05FA2C61E6D51C800845D00 /* Main */,
				B05FA2C81E6D51C800845D00 /* Tool */,
				B05FA2C71E6D51C800845D00 /* Other */,
			);
			path = Classes;
			sourceTree = "<group>";
		};
		B05FA2C61E6D51C800845D00 /* Main */ = {
			isa = PBXGroup;
			children = (
				B05FA2CC1E6D51E400845D00 /* ViewController.h */,
				B05FA2CD1E6D51E400845D00 /* ViewController.m */,
			);
			path = Main;
			sourceTree = "<group>";
		};
		B05FA2C71E6D51C800845D00 /* Other */ = {
			isa = PBXGroup;
			children = (
				B05FA2CF1E6D51F800845D00 /* main.m */,
				B05FA2C91E6D51CF00845D00 /* AppDelegate.h */,
				B05FA2CA1E6D51CF00845D00 /* AppDelegate.m */,
			);
			path = Other;
			sourceTree = "<group>";
		};
		B05FA2C81E6D51C800845D00 /* Tool */ = {
			isa = PBXGroup;
			children = (
			);
			path = Tool;
			sourceTree = "<group>";
		};
		B05FA2E81E6D61E600845D00 /* Source */ = {
			isa = PBXGroup;
			children = (
				B05FA2E91E6D61E600845D00 /* WWZFoundation */,
				B05FA2EA1E6D61E600845D00 /* WWZKit */,
				B05FA2EB1E6D61E600845D00 /* WWZSocket */,
			);
			path = Source;
			sourceTree = "<group>";
		};
		B05FA2E91E6D61E600845D00 /* WWZFoundation */ = {
			isa = PBXGroup;
			children = (
				B05FA3341E6D694F00845D00 /* WWZFoundation.h */,
				B05FA31F1E6D678700845D00 /* NSObject+WWZ.h */,
				B05FA3201E6D678700845D00 /* NSObject+WWZ.m */,
				B05FA31C1E6D66FA00845D00 /* NSString+WWZ.h */,
				B05FA31D1E6D66FA00845D00 /* NSString+WWZ.m */,
				B05FA3251E6D67EB00845D00 /* NSDate+WWZ.h */,
				B05FA3261E6D67EB00845D00 /* NSDate+WWZ.m */,
				B05FA3281E6D682900845D00 /* NSData+WWZ.h */,
				B05FA3291E6D682900845D00 /* NSData+WWZ.m */,
				B05FA3221E6D67C500845D00 /* NSTimer+WWZ.h */,
				B05FA3231E6D67C500845D00 /* NSTimer+WWZ.m */,
				B05FA32B1E6D684700845D00 /* NSAttributedString+WWZ.h */,
				B05FA32C1E6D684700845D00 /* NSAttributedString+WWZ.m */,
				B05FA32E1E6D692000845D00 /* WWZLanguageTool.h */,
				B05FA32F1E6D692000845D00 /* WWZLanguageTool.m */,
				B05FA3311E6D692A00845D00 /* WWZCaptureTool.h */,
				B05FA3321E6D692A00845D00 /* WWZCaptureTool.m */,
				B05FA3351E6D6A8700845D00 /* WWZKeychain.h */,
				B05FA3361E6D6A8700845D00 /* WWZKeychain.m */,
				B05FA3371E6D6A8700845D00 /* WWZKeychainQuery.h */,
				B05FA3381E6D6A8700845D00 /* WWZKeychainQuery.m */,
				B05FA3391E6D6A8700845D00 /* WWZSystem.h */,
				B05FA33A1E6D6A8700845D00 /* WWZSystem.m */,
			);
			path = WWZFoundation;
			sourceTree = "<group>";
		};
		B05FA2EA1E6D61E600845D00 /* WWZKit */ = {
			isa = PBXGroup;
			children = (
			);
			path = WWZKit;
			sourceTree = "<group>";
		};
		B05FA2EB1E6D61E600845D00 /* WWZSocket */ = {
			isa = PBXGroup;
			children = (
				B05FA2EC1E6D61E600845D00 /* WWZSocket.h */,
				B05FA2ED1E6D61E600845D00 /* WWZSocketRequest.h */,
				B05FA2EE1E6D61E600845D00 /* WWZSocketRequest.m */,
				B05FA2EF1E6D61E600845D00 /* WWZTCPSocketClient.h */,
				B05FA2F01E6D61E600845D00 /* WWZTCPSocketClient.m */,
				B05FA2F11E6D61E600845D00 /* WWZTCPSocketServer.h */,
				B05FA2F21E6D61E600845D00 /* WWZTCPSocketServer.m */,
				B05FA2F31E6D61E600845D00 /* WWZUDPSocket.h */,
				B05FA2F41E6D61E600845D00 /* WWZUDPSocket.m */,
			);
			path = WWZSocket;
			sourceTree = "<group>";
		};
/* End PBXGroup section */

/* Begin PBXNativeTarget section */
		B05FA2AA1E6D510C00845D00 /* wwz_objc */ = {
			isa = PBXNativeTarget;
			buildConfigurationList = B05FA2C21E6D510C00845D00 /* Build configuration list for PBXNativeTarget "wwz_objc" */;
			buildPhases = (
				8476AEDA4A0DCBA588751B45 /* [CP] Check Pods Manifest.lock */,
				B05FA2A71E6D510C00845D00 /* Sources */,
				B05FA2A81E6D510C00845D00 /* Frameworks */,
				B05FA2A91E6D510C00845D00 /* Resources */,
				3C4DFB7A104F03FD7AA96A12 /* [CP] Embed Pods Frameworks */,
				A612AF6EB45C205004F3F608 /* [CP] Copy Pods Resources */,
			);
			buildRules = (
			);
			dependencies = (
			);
			name = wwz_objc;
			productName = wwz_objc;
			productReference = B05FA2AB1E6D510C00845D00 /* wwz_objc.app */;
			productType = "com.apple.product-type.application";
		};
/* End PBXNativeTarget section */

/* Begin PBXProject section */
		B05FA2A31E6D510C00845D00 /* Project object */ = {
			isa = PBXProject;
			attributes = {
				LastUpgradeCheck = 0800;
				ORGANIZATIONNAME = tijio;
				TargetAttributes = {
					B05FA2AA1E6D510C00845D00 = {
						CreatedOnToolsVersion = 8.0;
						DevelopmentTeam = J46LC7KBX4;
						ProvisioningStyle = Automatic;
					};
				};
			};
			buildConfigurationList = B05FA2A61E6D510C00845D00 /* Build configuration list for PBXProject "wwz_objc" */;
			compatibilityVersion = "Xcode 3.2";
			developmentRegion = English;
			hasScannedForEncodings = 0;
			knownRegions = (
				en,
				Base,
			);
			mainGroup = B05FA2A21E6D510C00845D00;
			productRefGroup = B05FA2AC1E6D510C00845D00 /* Products */;
			projectDirPath = "";
			projectRoot = "";
			targets = (
				B05FA2AA1E6D510C00845D00 /* wwz_objc */,
			);
		};
/* End PBXProject section */

/* Begin PBXResourcesBuildPhase section */
		B05FA2A91E6D510C00845D00 /* Resources */ = {
			isa = PBXResourcesBuildPhase;
			buildActionMask = 2147483647;
			files = (
				B05FA2BE1E6D510C00845D00 /* LaunchScreen.storyboard in Resources */,
				B05FA2BB1E6D510C00845D00 /* Assets.xcassets in Resources */,
				B05FA2B91E6D510C00845D00 /* Main.storyboard in Resources */,
			);
			runOnlyForDeploymentPostprocessing = 0;
		};
/* End PBXResourcesBuildPhase section */

/* Begin PBXShellScriptBuildPhase section */
		3C4DFB7A104F03FD7AA96A12 /* [CP] Embed Pods Frameworks */ = {
			isa = PBXShellScriptBuildPhase;
			buildActionMask = 2147483647;
			files = (
			);
			inputPaths = (
			);
			name = "[CP] Embed Pods Frameworks";
			outputPaths = (
			);
			runOnlyForDeploymentPostprocessing = 0;
			shellPath = /bin/sh;
			shellScript = "\"${SRCROOT}/Pods/Target Support Files/Pods-wwz_objc/Pods-wwz_objc-frameworks.sh\"\n";
			showEnvVarsInLog = 0;
		};
		8476AEDA4A0DCBA588751B45 /* [CP] Check Pods Manifest.lock */ = {
			isa = PBXShellScriptBuildPhase;
			buildActionMask = 2147483647;
			files = (
			);
			inputPaths = (
			);
			name = "[CP] Check Pods Manifest.lock";
			outputPaths = (
			);
			runOnlyForDeploymentPostprocessing = 0;
			shellPath = /bin/sh;
			shellScript = "diff \"${PODS_ROOT}/../Podfile.lock\" \"${PODS_ROOT}/Manifest.lock\" > /dev/null\nif [ $? != 0 ] ; then\n    # print error to STDERR\n    echo \"error: The sandbox is not in sync with the Podfile.lock. Run 'pod install' or update your CocoaPods installation.\" >&2\n    exit 1\nfi\n";
			showEnvVarsInLog = 0;
		};
		A612AF6EB45C205004F3F608 /* [CP] Copy Pods Resources */ = {
			isa = PBXShellScriptBuildPhase;
			buildActionMask = 2147483647;
			files = (
			);
			inputPaths = (
			);
			name = "[CP] Copy Pods Resources";
			outputPaths = (
			);
			runOnlyForDeploymentPostprocessing = 0;
			shellPath = /bin/sh;
			shellScript = "\"${SRCROOT}/Pods/Target Support Files/Pods-wwz_objc/Pods-wwz_objc-resources.sh\"\n";
			showEnvVarsInLog = 0;
		};
/* End PBXShellScriptBuildPhase section */

/* Begin PBXSourcesBuildPhase section */
		B05FA2A71E6D510C00845D00 /* Sources */ = {
			isa = PBXSourcesBuildPhase;
			buildActionMask = 2147483647;
			files = (
				B05FA3301E6D692000845D00 /* WWZLanguageTool.m in Sources */,
				B05FA2F71E6D61E600845D00 /* WWZTCPSocketServer.m in Sources */,
				B05FA32A1E6D682900845D00 /* NSData+WWZ.m in Sources */,
				B05FA33D1E6D6A8700845D00 /* WWZSystem.m in Sources */,
				B05FA2CB1E6D51CF00845D00 /* AppDelegate.m in Sources */,
				B05FA33C1E6D6A8700845D00 /* WWZKeychainQuery.m in Sources */,
				B05FA3271E6D67EB00845D00 /* NSDate+WWZ.m in Sources */,
				B05FA32D1E6D684700845D00 /* NSAttributedString+WWZ.m in Sources */,
				B05FA2CE1E6D51E400845D00 /* ViewController.m in Sources */,
				B05FA2F61E6D61E600845D00 /* WWZTCPSocketClient.m in Sources */,
				B05FA31E1E6D66FA00845D00 /* NSString+WWZ.m in Sources */,
				B05FA2D01E6D51F800845D00 /* main.m in Sources */,
				B05FA2F81E6D61E600845D00 /* WWZUDPSocket.m in Sources */,
				B05FA3241E6D67C500845D00 /* NSTimer+WWZ.m in Sources */,
				B05FA33B1E6D6A8700845D00 /* WWZKeychain.m in Sources */,
				B05FA3211E6D678700845D00 /* NSObject+WWZ.m in Sources */,
				B05FA2F51E6D61E600845D00 /* WWZSocketRequest.m in Sources */,
				B05FA3331E6D692A00845D00 /* WWZCaptureTool.m in Sources */,
			);
			runOnlyForDeploymentPostprocessing = 0;
		};
/* End PBXSourcesBuildPhase section */

/* Begin PBXVariantGroup section */
		B05FA2B71E6D510C00845D00 /* Main.storyboard */ = {
			isa = PBXVariantGroup;
			children = (
				B05FA2B81E6D510C00845D00 /* Base */,
			);
			name = Main.storyboard;
			sourceTree = "<group>";
		};
		B05FA2BC1E6D510C00845D00 /* LaunchScreen.storyboard */ = {
			isa = PBXVariantGroup;
			children = (
				B05FA2BD1E6D510C00845D00 /* Base */,
			);
			name = LaunchScreen.storyboard;
			sourceTree = "<group>";
		};
/* End PBXVariantGroup section */

/* Begin XCBuildConfiguration section */
		B05FA2C01E6D510C00845D00 /* Debug */ = {
			isa = XCBuildConfiguration;
			buildSettings = {
				ALWAYS_SEARCH_USER_PATHS = NO;
				CLANG_ANALYZER_NONNULL = YES;
				CLANG_CXX_LANGUAGE_STANDARD = "gnu++0x";
				CLANG_CXX_LIBRARY = "libc++";
				CLANG_ENABLE_MODULES = YES;
				CLANG_ENABLE_OBJC_ARC = YES;
				CLANG_WARN_BOOL_CONVERSION = YES;
				CLANG_WARN_CONSTANT_CONVERSION = YES;
				CLANG_WARN_DIRECT_OBJC_ISA_USAGE = YES_ERROR;
				CLANG_WARN_DOCUMENTATION_COMMENTS = YES;
				CLANG_WARN_EMPTY_BODY = YES;
				CLANG_WARN_ENUM_CONVERSION = YES;
				CLANG_WARN_INFINITE_RECURSION = YES;
				CLANG_WARN_INT_CONVERSION = YES;
				CLANG_WARN_OBJC_ROOT_CLASS = YES_ERROR;
				CLANG_WARN_SUSPICIOUS_MOVES = YES;
				CLANG_WARN_UNREACHABLE_CODE = YES;
				CLANG_WARN__DUPLICATE_METHOD_MATCH = YES;
				"CODE_SIGN_IDENTITY[sdk=iphoneos*]" = "iPhone Developer";
				COPY_PHASE_STRIP = NO;
				DEBUG_INFORMATION_FORMAT = dwarf;
				ENABLE_STRICT_OBJC_MSGSEND = YES;
				ENABLE_TESTABILITY = YES;
				GCC_C_LANGUAGE_STANDARD = gnu99;
				GCC_DYNAMIC_NO_PIC = NO;
				GCC_NO_COMMON_BLOCKS = YES;
				GCC_OPTIMIZATION_LEVEL = 0;
				GCC_PREPROCESSOR_DEFINITIONS = (
					"DEBUG=1",
					"$(inherited)",
				);
				GCC_WARN_64_TO_32_BIT_CONVERSION = YES;
				GCC_WARN_ABOUT_RETURN_TYPE = YES_ERROR;
				GCC_WARN_UNDECLARED_SELECTOR = YES;
				GCC_WARN_UNINITIALIZED_AUTOS = YES_AGGRESSIVE;
				GCC_WARN_UNUSED_FUNCTION = YES;
				GCC_WARN_UNUSED_VARIABLE = YES;
				IPHONEOS_DEPLOYMENT_TARGET = 10.0;
				MTL_ENABLE_DEBUG_INFO = YES;
				ONLY_ACTIVE_ARCH = YES;
				SDKROOT = iphoneos;
			};
			name = Debug;
		};
		B05FA2C11E6D510C00845D00 /* Release */ = {
			isa = XCBuildConfiguration;
			buildSettings = {
				ALWAYS_SEARCH_USER_PATHS = NO;
				CLANG_ANALYZER_NONNULL = YES;
				CLANG_CXX_LANGUAGE_STANDARD = "gnu++0x";
				CLANG_CXX_LIBRARY = "libc++";
				CLANG_ENABLE_MODULES = YES;
				CLANG_ENABLE_OBJC_ARC = YES;
				CLANG_WARN_BOOL_CONVERSION = YES;
				CLANG_WARN_CONSTANT_CONVERSION = YES;
				CLANG_WARN_DIRECT_OBJC_ISA_USAGE = YES_ERROR;
				CLANG_WARN_DOCUMENTATION_COMMENTS = YES;
				CLANG_WARN_EMPTY_BODY = YES;
				CLANG_WARN_ENUM_CONVERSION = YES;
				CLANG_WARN_INFINITE_RECURSION = YES;
				CLANG_WARN_INT_CONVERSION = YES;
				CLANG_WARN_OBJC_ROOT_CLASS = YES_ERROR;
				CLANG_WARN_SUSPICIOUS_MOVES = YES;
				CLANG_WARN_UNREACHABLE_CODE = YES;
				CLANG_WARN__DUPLICATE_METHOD_MATCH = YES;
				"CODE_SIGN_IDENTITY[sdk=iphoneos*]" = "iPhone Developer";
				COPY_PHASE_STRIP = NO;
				DEBUG_INFORMATION_FORMAT = "dwarf-with-dsym";
				ENABLE_NS_ASSERTIONS = NO;
				ENABLE_STRICT_OBJC_MSGSEND = YES;
				GCC_C_LANGUAGE_STANDARD = gnu99;
				GCC_NO_COMMON_BLOCKS = YES;
				GCC_WARN_64_TO_32_BIT_CONVERSION = YES;
				GCC_WARN_ABOUT_RETURN_TYPE = YES_ERROR;
				GCC_WARN_UNDECLARED_SELECTOR = YES;
				GCC_WARN_UNINITIALIZED_AUTOS = YES_AGGRESSIVE;
				GCC_WARN_UNUSED_FUNCTION = YES;
				GCC_WARN_UNUSED_VARIABLE = YES;
				IPHONEOS_DEPLOYMENT_TARGET = 10.0;
				MTL_ENABLE_DEBUG_INFO = NO;
				SDKROOT = iphoneos;
				VALIDATE_PRODUCT = YES;
			};
			name = Release;
		};
		B05FA2C31E6D510C00845D00 /* Debug */ = {
			isa = XCBuildConfiguration;
			baseConfigurationReference = 35670CD31B78E1531F944F55 /* Pods-wwz_objc.debug.xcconfig */;
			buildSettings = {
				ASSETCATALOG_COMPILER_APPICON_NAME = AppIcon;
				DEVELOPMENT_TEAM = J46LC7KBX4;
				INFOPLIST_FILE = wwz_objc/Info.plist;
				LD_RUNPATH_SEARCH_PATHS = "$(inherited) @executable_path/Frameworks";
				PRODUCT_BUNDLE_IDENTIFIER = "cn.tijio.wwz-objc";
				PRODUCT_NAME = "$(TARGET_NAME)";
			};
			name = Debug;
		};
		B05FA2C41E6D510C00845D00 /* Release */ = {
			isa = XCBuildConfiguration;
			baseConfigurationReference = D1AB28056D22ADC3300714B1 /* Pods-wwz_objc.release.xcconfig */;
			buildSettings = {
				ASSETCATALOG_COMPILER_APPICON_NAME = AppIcon;
				DEVELOPMENT_TEAM = J46LC7KBX4;
				INFOPLIST_FILE = wwz_objc/Info.plist;
				LD_RUNPATH_SEARCH_PATHS = "$(inherited) @executable_path/Frameworks";
				PRODUCT_BUNDLE_IDENTIFIER = "cn.tijio.wwz-objc";
				PRODUCT_NAME = "$(TARGET_NAME)";
			};
			name = Release;
		};
/* End XCBuildConfiguration section */

/* Begin XCConfigurationList section */
		B05FA2A61E6D510C00845D00 /* Build configuration list for PBXProject "wwz_objc" */ = {
			isa = XCConfigurationList;
			buildConfigurations = (
				B05FA2C01E6D510C00845D00 /* Debug */,
				B05FA2C11E6D510C00845D00 /* Release */,
			);
			defaultConfigurationIsVisible = 0;
			defaultConfigurationName = Release;
		};
		B05FA2C21E6D510C00845D00 /* Build configuration list for PBXNativeTarget "wwz_objc" */ = {
			isa = XCConfigurationList;
			buildConfigurations = (
				B05FA2C31E6D510C00845D00 /* Debug */,
				B05FA2C41E6D510C00845D00 /* Release */,
			);
			defaultConfigurationIsVisible = 0;
			defaultConfigurationName = Release;
		};
/* End XCConfigurationList section */
	};
	rootObject = B05FA2A31E6D510C00845D00 /* Project object */;
}
